
Microsoft Visual Studio Solution File, Format Version 12.00
# Visual Studio Version 16
VisualStudioVersion = 16.0.31005.135
MinimumVisualStudioVersion = 10.0.40219.1
Project("{9A19103F-16F7-4668-BE54-9A1E7A4F7556}") = "Business", "Business\Business.csproj", "{89D709DD-1086-4F9E-9DE7-010E5D168480}"
EndProject
Project("{9A19103F-16F7-4668-BE54-9A1E7A4F7556}") = "ConsoleUI", "ConsoleUI\ConsoleUI.csproj", "{8D4B29D4-9B74-4A32-83DC-C57B82B8AF15}"
EndProject
Project("{9A19103F-16F7-4668-BE54-9A1E7A4F7556}") = "Core", "Core\Core.csproj", "{4744D3EA-1074-4687-B14A-EFCC308A6339}"
EndProject
Project("{9A19103F-16F7-4668-BE54-9A1E7A4F7556}") = "DataAccess", "DataAccess\DataAccess.csproj", "{4F1DF5F3-AF9E-413F-ACF7-170A88D302EE}"
EndProject
Project("{9A19103F-16F7-4668-BE54-9A1E7A4F7556}") = "Entities", "Entities\Entities.csproj", "{0AA57640-C510-45C3-B8C9-46EA121EF5E5}"
EndProject
Project("{9A19103F-16F7-4668-BE54-9A1E7A4F7556}") = "WebAPI", "WebAPI\WebAPI.csproj", "{99A06B1E-2B5D-48A8-BCC0-EEDE1CAFF361}"
EndProject
Global
	GlobalSection(SolutionConfigurationPlatforms) = preSolution
		Debug|Any CPU = Debug|Any CPU
		Release|Any CPU = Release|Any CPU
	EndGlobalSection
	GlobalSection(ProjectConfigurationPlatforms) = postSolution
		{89D709DD-1086-4F9E-9DE7-010E5D168480}.Debug|Any CPU.ActiveCfg = Debug|Any CPU
		{89D709DD-1086-4F9E-9DE7-010E5D168480}.Debug|Any CPU.Build.0 = Debug|Any CPU
		{89D709DD-1086-4F9E-9DE7-010E5D168480}.Release|Any CPU.ActiveCfg = Release|Any CPU
		{89D709DD-1086-4F9E-9DE7-010E5D168480}.Release|Any CPU.Build.0 = Release|Any CPU
		{8D4B29D4-9B74-4A32-83DC-C57B82B8AF15}.Debug|Any CPU.ActiveCfg = Debug|Any CPU
		{8D4B29D4-9B74-4A32-83DC-C57B82B8AF15}.Debug|Any CPU.Build.0 = Debug|Any CPU
		{8D4B29D4-9B74-4A32-83DC-C57B82B8AF15}.Release|Any CPU.ActiveCfg = Release|Any CPU
		{8D4B29D4-9B74-4A32-83DC-C57B82B8AF15}.Release|Any CPU.Build.0 = Release|Any CPU
		{4744D3EA-1074-4687-B14A-EFCC308A6339}.Debug|Any CPU.ActiveCfg = Debug|Any CPU
		{4744D3EA-1074-4687-B14A-EFCC308A6339}.Debug|Any CPU.Build.0 = Debug|Any CPU
		{4744D3EA-1074-4687-B14A-EFCC308A6339}.Release|Any CPU.ActiveCfg = Release|Any CPU
		{4744D3EA-1074-4687-B14A-EFCC308A6339}.Release|Any CPU.Build.0 = Release|Any CPU
		{4F1DF5F3-AF9E-413F-ACF7-170A88D302EE}.Debug|Any CPU.ActiveCfg = Debug|Any CPU
		{4F1DF5F3-AF9E-413F-ACF7-170A88D302EE}.Debug|Any CPU.Build.0 = Debug|Any CPU
		{4F1DF5F3-AF9E-413F-ACF7-170A88D302EE}.Release|Any CPU.ActiveCfg = Release|Any CPU
		{4F1DF5F3-AF9E-413F-ACF7-170A88D302EE}.Release|Any CPU.Build.0 = Release|Any CPU
		{0AA57640-C510-45C3-B8C9-46EA121EF5E5}.Debug|Any CPU.ActiveCfg = Debug|Any CPU
		{0AA57640-C510-45C3-B8C9-46EA121EF5E5}.Debug|Any CPU.Build.0 = Debug|Any CPU
		{0AA57640-C510-45C3-B8C9-46EA121EF5E5}.Release|Any CPU.ActiveCfg = Release|Any CPU
		{0AA57640-C510-45C3-B8C9-46EA121EF5E5}.Release|Any CPU.Build.0 = Release|Any CPU
		{99A06B1E-2B5D-48A8-BCC0-EEDE1CAFF361}.Debug|Any CPU.ActiveCfg = Debug|Any CPU
		{99A06B1E-2B5D-48A8-BCC0-EEDE1CAFF361}.Debug|Any CPU.Build.0 = Debug|Any CPU
		{99A06B1E-2B5D-48A8-BCC0-EEDE1CAFF361}.Release|Any CPU.ActiveCfg = Release|Any CPU
		{99A06B1E-2B5D-48A8-BCC0-EEDE1CAFF361}.Release|Any CPU.Build.0 = Release|Any CPU
	EndGlobalSection
	GlobalSection(SolutionProperties) = preSolution
		HideSolutionNode = FALSE
	EndGlobalSection
	GlobalSection(ExtensibilityGlobals) = postSolution
		SolutionGuid = {5AD52379-5572-4689-875B-C22C533247C7}
	EndGlobalSection
EndGlobal
